
Microsoft Visual Studio Solution File, Format Version 12.00
# Visual Studio Version 17
VisualStudioVersion = 17.12.35707.178
MinimumVisualStudioVersion = 10.0.40219.1
Project("{FAE04EC0-301F-11D3-BF4B-00C04F79EFBC}") = "restaurant2", "restaurant2\restaurant2.csproj", "{5CA47A8A-87BD-4941-A924-7AA25122920B}"
EndProject
Project("{FAE04EC0-301F-11D3-BF4B-00C04F79EFBC}") = "Tests", "Tests\Tests.csproj", "{E38A32A6-DAA9-4075-A986-9BD819A9A721}"
EndProject
Global
	GlobalSection(SolutionConfigurationPlatforms) = preSolution
		Debug|Any CPU = Debug|Any CPU
		Release|Any CPU = Release|Any CPU
	EndGlobalSection
	GlobalSection(ProjectConfigurationPlatforms) = postSolution
		{5CA47A8A-87BD-4941-A924-7AA25122920B}.Debug|Any CPU.ActiveCfg = Debug|Any CPU
		{5CA47A8A-87BD-4941-A924-7AA25122920B}.Debug|Any CPU.Build.0 = Debug|Any CPU
		{5CA47A8A-87BD-4941-A924-7AA25122920B}.Release|Any CPU.ActiveCfg = Release|Any CPU
		{5CA47A8A-87BD-4941-A924-7AA25122920B}.Release|Any CPU.Build.0 = Release|Any CPU
		{E38A32A6-DAA9-4075-A986-9BD819A9A721}.Debug|Any CPU.ActiveCfg = Debug|Any CPU
		{E38A32A6-DAA9-4075-A986-9BD819A9A721}.Debug|Any CPU.Build.0 = Debug|Any CPU
		{E38A32A6-DAA9-4075-A986-9BD819A9A721}.Release|Any CPU.ActiveCfg = Release|Any CPU
		{E38A32A6-DAA9-4075-A986-9BD819A9A721}.Release|Any CPU.Build.0 = Release|Any CPU
	EndGlobalSection
	GlobalSection(SolutionProperties) = preSolution
		HideSolutionNode = FALSE
	EndGlobalSection
EndGlobal
